
Microsoft Visual Studio Solution File, Format Version 12.00
# Visual Studio Version 16
VisualStudioVersion = 16.0.30413.136
MinimumVisualStudioVersion = 10.0.40219.1
Project("{FAE04EC0-301F-11D3-BF4B-00C04F79EFBC}") = "Customer360", "Customer360\Customer360.csproj", "{77F1528B-6F73-4BDB-AD8B-55C1758B9C04}"
EndProject
Project("{FAE04EC0-301F-11D3-BF4B-00C04F79EFBC}") = "CouchPOC", "..\POC\CouchPOC\CouchPOC.csproj", "{C2A532A0-253F-4E1E-BFA0-0F9809289A15}"
EndProject
Project("{FAE04EC0-301F-11D3-BF4B-00C04F79EFBC}") = "CouchPOC.Data", "CouchPOC.Data\CouchPOC.Data.csproj", "{294EAA3E-50E6-4275-BC6A-D0C3FD501585}"
EndProject
Global
	GlobalSection(SolutionConfigurationPlatforms) = preSolution
		Debug|Any CPU = Debug|Any CPU
		Release|Any CPU = Release|Any CPU
	EndGlobalSection
	GlobalSection(ProjectConfigurationPlatforms) = postSolution
		{77F1528B-6F73-4BDB-AD8B-55C1758B9C04}.Debug|Any CPU.ActiveCfg = Debug|Any CPU
		{77F1528B-6F73-4BDB-AD8B-55C1758B9C04}.Debug|Any CPU.Build.0 = Debug|Any CPU
		{77F1528B-6F73-4BDB-AD8B-55C1758B9C04}.Release|Any CPU.ActiveCfg = Release|Any CPU
		{77F1528B-6F73-4BDB-AD8B-55C1758B9C04}.Release|Any CPU.Build.0 = Release|Any CPU
		{C2A532A0-253F-4E1E-BFA0-0F9809289A15}.Debug|Any CPU.ActiveCfg = Debug|Any CPU
		{C2A532A0-253F-4E1E-BFA0-0F9809289A15}.Debug|Any CPU.Build.0 = Debug|Any CPU
		{C2A532A0-253F-4E1E-BFA0-0F9809289A15}.Release|Any CPU.ActiveCfg = Release|Any CPU
		{C2A532A0-253F-4E1E-BFA0-0F9809289A15}.Release|Any CPU.Build.0 = Release|Any CPU
		{294EAA3E-50E6-4275-BC6A-D0C3FD501585}.Debug|Any CPU.ActiveCfg = Debug|Any CPU
		{294EAA3E-50E6-4275-BC6A-D0C3FD501585}.Debug|Any CPU.Build.0 = Debug|Any CPU
		{294EAA3E-50E6-4275-BC6A-D0C3FD501585}.Release|Any CPU.ActiveCfg = Release|Any CPU
		{294EAA3E-50E6-4275-BC6A-D0C3FD501585}.Release|Any CPU.Build.0 = Release|Any CPU
	EndGlobalSection
	GlobalSection(SolutionProperties) = preSolution
		HideSolutionNode = FALSE
	EndGlobalSection
	GlobalSection(ExtensibilityGlobals) = postSolution
		SolutionGuid = {8A760ED5-7EF0-4F54-888F-0FD28A76A1D7}
	EndGlobalSection
EndGlobal
